{
    "_readme": [
        "This file locks the dependencies of your project to a known state",
        "Read more about it at https://getcomposer.org/doc/01-basic-usage.md#composer-lock-the-lock-file",
        "This file is @generated automatically"
    ],
    "hash": "4b9904e2a95682ca48e6a7d59c2ed45b",
    "content-hash": "5c8d9c910edb64f3e6cd4da148de29db",
    "packages": [
        {
            "name": "steveedson/bitbar-php",
            "version": "dev-master",
            "source": {
                "type": "git",
                "url": "https://github.com/SteveEdson/bitbar-php.git",
                "reference": "9eb62144b8e2d8ce6bc2e015b64ce2c510fad79d"
            },
            "dist": {
                "type": "zip",
                "url": "https://api.github.com/repos/SteveEdson/bitbar-php/zipball/9eb62144b8e2d8ce6bc2e015b64ce2c510fad79d",
                "reference": "9eb62144b8e2d8ce6bc2e015b64ce2c510fad79d",
                "shasum": ""
            },
            "require": {
                "php": ">=5.3.0"
            },
            "type": "library",
            "autoload": {
                "psr-4": {
                    "SteveEdson\\": "src/SteveEdson"
                }
            },
            "notification-url": "https://packagist.org/downloads/",
            "license": [
                "MIT"
            ],
            "description": "PHP Formatter for BitBar plugins",
            "time": "2016-03-23 13:50:32"
        }
    ],
    "packages-dev": [],
    "aliases": [],
    "minimum-stability": "stable",
    "stability-flags": {
        "steveedson/bitbar-php": 20
    },
    "prefer-stable": false,
    "prefer-lowest": false,
    "platform": [],
    "platform-dev": []
}
