{
    "_readme": [
        "This file locks the dependencies of your project to a known state",
        "Read more about it at https://getcomposer.org/doc/01-basic-usage.md#composer-lock-the-lock-file",
        "This file is @generated automatically"
    ],
    "hash": "d6a4233f02d7dbeff7e84478847331f9",
    "content-hash": "168e893ea2e96c40f8d87bfba15e5369",
    "packages": [
        {
            "name": "steveedson/bitbar-php",
            "version": "dev-master",
            "source": {
                "type": "git",
                "url": "https://github.com/SteveEdson/bitbar-php.git",
                "reference": "9eb62144b8e2d8ce6bc2e015b64ce2c510fad79d"
            },
            "dist": {
                "type": "zip",
                "url": "https://api.github.com/repos/SteveEdson/bitbar-php/zipball/9eb62144b8e2d8ce6bc2e015b64ce2c510fad79d",
                "reference": "9eb62144b8e2d8ce6bc2e015b64ce2c510fad79d",
                "shasum": ""
            },
            "require": {
                "php": ">=5.3.0"
            },
            "type": "library",
            "autoload": {
                "psr-4": {
                    "SteveEdson\\": "src/SteveEdson"
                }
            },
            "notification-url": "https://packagist.org/downloads/",
            "license": [
                "MIT"
            ],
            "description": "PHP Formatter for BitBar plugins",
            "time": "2016-03-23 13:50:32"
        },
        {
            "name": "symfony/process",
            "version": "v3.0.4",
            "source": {
                "type": "git",
                "url": "https://github.com/symfony/process.git",
                "reference": "e6f1f98bbd355d209a992bfff45e7edfbd4a0776"
            },
            "dist": {
                "type": "zip",
                "url": "https://api.github.com/repos/symfony/process/zipball/e6f1f98bbd355d209a992bfff45e7edfbd4a0776",
                "reference": "e6f1f98bbd355d209a992bfff45e7edfbd4a0776",
                "shasum": ""
            },
            "require": {
                "php": ">=5.5.9"
            },
            "type": "library",
            "extra": {
                "branch-alias": {
                    "dev-master": "3.0-dev"
                }
            },
            "autoload": {
                "psr-4": {
                    "Symfony\\Component\\Process\\": ""
                },
                "exclude-from-classmap": [
                    "/Tests/"
                ]
            },
            "notification-url": "https://packagist.org/downloads/",
            "license": [
                "MIT"
            ],
            "authors": [
                {
                    "name": "Fabien Potencier",
                    "email": "fabien@symfony.com"
                },
                {
                    "name": "Symfony Community",
                    "homepage": "https://symfony.com/contributors"
                }
            ],
            "description": "Symfony Process Component",
            "homepage": "https://symfony.com",
            "time": "2016-03-30 10:41:14"
        }
    ],
    "packages-dev": [],
    "aliases": [],
    "minimum-stability": "stable",
    "stability-flags": {
        "steveedson/bitbar-php": 20
    },
    "prefer-stable": false,
    "prefer-lowest": false,
    "platform": [],
    "platform-dev": []
}
